Microsoft Visual Studio Solution File, Format Version 12.00
# Visual Studio Version 17
VisualStudioVersion = 17.2.32630.192
MinimumVisualStudioVersion = 10.0.40219.1
Project("{FAE04EC0-301F-11D3-BF4B-00C04F79EFBC}") = "LoupeXIVDeck", "LoupeXIVDeck\LoupeXIVDeck.csproj", "{E4646C17-95AB-41C8-8FE4-49431A0B034E}"
EndProject
Global
	GlobalSection(SolutionConfigurationPlatforms) = preSolution
		Debug|Any CPU = Debug|Any CPU
		Release|Any CPU = Release|Any CPU
	EndGlobalSection
	GlobalSection(ProjectConfigurationPlatforms) = postSolution
		{E4646C17-95AB-41C8-8FE4-49431A0B034E}.Debug|Any CPU.ActiveCfg = Debug|Any CPU
		{E4646C17-95AB-41C8-8FE4-49431A0B034E}.Debug|Any CPU.Build.0 = Debug|Any CPU
		{E4646C17-95AB-41C8-8FE4-49431A0B034E}.Release|Any CPU.ActiveCfg = Release|Any CPU
		{E4646C17-95AB-41C8-8FE4-49431A0B034E}.Release|Any CPU.Build.0 = Release|Any CPU
	EndGlobalSection
	GlobalSection(SolutionProperties) = preSolution
		HideSolutionNode = FALSE
	EndGlobalSection
	GlobalSection(ExtensibilityGlobals) = postSolution
		SolutionGuid = {6439DDA1-EFF3-482E-AC4B-DD9D14EDC2DC}
	EndGlobalSection
EndGlobal
